
Microsoft Visual Studio Solution File, Format Version 12.00
# Visual Studio Version 16
VisualStudioVersion = 16.0.30503.244
MinimumVisualStudioVersion = 10.0.40219.1
Project("{FAE04EC0-301F-11D3-BF4B-00C04F79EFBC}") = "WorkshopManagement", "WorkshopManagement\WorkshopManagement.csproj", "{36578B35-1BDE-490F-809C-D5B811FC2C86}"
EndProject
Project("{FAE04EC0-301F-11D3-BF4B-00C04F79EFBC}") = "WorkshopManagementUnitTesting", "WorkshopManagementUnitTesting\WorkshopManagementUnitTesting.csproj", "{19E263A7-526E-4983-B188-A79A672BA36B}"
EndProject
Global
	GlobalSection(SolutionConfigurationPlatforms) = preSolution
		Debug|Any CPU = Debug|Any CPU
		Release|Any CPU = Release|Any CPU
	EndGlobalSection
	GlobalSection(ProjectConfigurationPlatforms) = postSolution
		{36578B35-1BDE-490F-809C-D5B811FC2C86}.Debug|Any CPU.ActiveCfg = Debug|Any CPU
		{36578B35-1BDE-490F-809C-D5B811FC2C86}.Debug|Any CPU.Build.0 = Debug|Any CPU
		{36578B35-1BDE-490F-809C-D5B811FC2C86}.Release|Any CPU.ActiveCfg = Release|Any CPU
		{36578B35-1BDE-490F-809C-D5B811FC2C86}.Release|Any CPU.Build.0 = Release|Any CPU
		{19E263A7-526E-4983-B188-A79A672BA36B}.Debug|Any CPU.ActiveCfg = Debug|Any CPU
		{19E263A7-526E-4983-B188-A79A672BA36B}.Debug|Any CPU.Build.0 = Debug|Any CPU
		{19E263A7-526E-4983-B188-A79A672BA36B}.Release|Any CPU.ActiveCfg = Release|Any CPU
		{19E263A7-526E-4983-B188-A79A672BA36B}.Release|Any CPU.Build.0 = Release|Any CPU
	EndGlobalSection
	GlobalSection(SolutionProperties) = preSolution
		HideSolutionNode = FALSE
	EndGlobalSection
	GlobalSection(ExtensibilityGlobals) = postSolution
		SolutionGuid = {0DCFECFE-E1C5-46B2-9583-BEC9562672FE}
	EndGlobalSection
EndGlobal
